// !$*UTF8*$!
{
	archiveVersion = 1;
	classes = {
	};
	objectVersion = 46;
	objects = {

/* Begin PBXBuildFile section */
		2DFF8A721C656C81009337FB /* AppDelegate.swift in Sources */ = {isa = PBXBuildFile; fileRef = 2DFF8A711C656C81009337FB /* AppDelegate.swift */; };
		2DFF8A741C656C81009337FB /* ViewController.swift in Sources */ = {isa = PBXBuildFile; fileRef = 2DFF8A731C656C81009337FB /* ViewController.swift */; };
		2DFF8A771C656C81009337FB /* Main.storyboard in Resources */ = {isa = PBXBuildFile; fileRef = 2DFF8A751C656C81009337FB /* Main.storyboard */; };
		2DFF8A791C656C81009337FB /* Assets.xcassets in Resources */ = {isa = PBXBuildFile; fileRef = 2DFF8A781C656C81009337FB /* Assets.xcassets */; };
		2DFF8A7C1C656C81009337FB /* LaunchScreen.storyboard in Resources */ = {isa = PBXBuildFile; fileRef = 2DFF8A7A1C656C81009337FB /* LaunchScreen.storyboard */; };
/* End PBXBuildFile section */

/* Begin PBXFileReference section */
		2DFF8A6E1C656C81009337FB /* multiples-ios-game.app */ = {isa = PBXFileReference; explicitFileType = wrapper.application; includeInIndex = 0; path = "multiples-ios-game.app"; sourceTree = BUILT_PRODUCTS_DIR; };
		2DFF8A711C656C81009337FB /* AppDelegate.swift */ = {isa = PBXFileReference; lastKnownFileType = sourcecode.swift; path = AppDelegate.swift; sourceTree = "<group>"; };
		2DFF8A731C656C81009337FB /* ViewController.swift */ = {isa = PBXFileReference; lastKnownFileType = sourcecode.swift; path = ViewController.swift; sourceTree = "<group>"; };
		2DFF8A761C656C81009337FB /* Base */ = {isa = PBXFileReference; lastKnownFileType = file.storyboard; name = Base; path = Base.lproj/Main.storyboard; sourceTree = "<group>"; };
		2DFF8A781C656C81009337FB /* Assets.xcassets */ = {isa = PBXFileReference; lastKnownFileType = folder.assetcatalog; path = Assets.xcassets; sourceTree = "<group>"; };
		2DFF8A7B1C656C81009337FB /* Base */ = {isa = PBXFileReference; lastKnownFileType = file.storyboard; name = Base; path = Base.lproj/LaunchScreen.storyboard; sourceTree = "<group>"; };
		2DFF8A7D1C656C81009337FB /* Info.plist */ = {isa = PBXFileReference; lastKnownFileType = text.plist.xml; path = Info.plist; sourceTree = "<group>"; };
/* End PBXFileReference section */

/* Begin PBXFrameworksBuildPhase section */
		2DFF8A6B1C656C81009337FB /* Frameworks */ = {
			isa = PBXFrameworksBuildPhase;
			buildActionMask = 2147483647;
			files = (
			);
			runOnlyForDeploymentPostprocessing = 0;
		};
/* End PBXFrameworksBuildPhase section */

/* Begin PBXGroup section */
		2DFF8A651C656C81009337FB = {
			isa = PBXGroup;
			children = (
				2DFF8A701C656C81009337FB /* multiples-ios-game */,
				2DFF8A6F1C656C81009337FB /* Products */,
			);
			sourceTree = "<group>";
		};
		2DFF8A6F1C656C81009337FB /* Products */ = {
			isa = PBXGroup;
			children = (
				2DFF8A6E1C656C81009337FB /* multiples-ios-game.app */,
			);
			name = Products;
			sourceTree = "<group>";
		};
		2DFF8A701C656C81009337FB /* multiples-ios-game */ = {
			isa = PBXGroup;
			children = (
				2DFF8A711C656C81009337FB /* AppDelegate.swift */,
				2DFF8A731C656C81009337FB /* ViewController.swift */,
				2DFF8A751C656C81009337FB /* Main.storyboard */,
				2DFF8A781C656C81009337FB /* Assets.xcassets */,
				2DFF8A7A1C656C81009337FB /* LaunchScreen.storyboard */,
				2DFF8A7D1C656C81009337FB /* Info.plist */,
			);
			path = "multiples-ios-game";
			sourceTree = "<group>";
		};
/* End PBXGroup section */

/* Begin PBXNativeTarget section */
		2DFF8A6D1C656C81009337FB /* multiples-ios-game */ = {
			isa = PBXNativeTarget;
			buildConfigurationList = 2DFF8A801C656C81009337FB /* Build configuration list for PBXNativeTarget "multiples-ios-game" */;
			buildPhases = (
				2DFF8A6A1C656C81009337FB /* Sources */,
				2DFF8A6B1C656C81009337FB /* Frameworks */,
				2DFF8A6C1C656C81009337FB /* Resources */,
			);
			buildRules = (
			);
			dependencies = (
			);
			name = "multiples-ios-game";
			productName = "multiples-ios-game";
			productReference = 2DFF8A6E1C656C81009337FB /* multiples-ios-game.app */;
			productType = "com.apple.product-type.application";
		};
/* End PBXNativeTarget section */

/* Begin PBXProject section */
		2DFF8A661C656C81009337FB /* Project object */ = {
			isa = PBXProject;
			attributes = {
				LastSwiftUpdateCheck = 0720;
				LastUpgradeCheck = 0720;
				ORGANIZATIONNAME = "Ishan Shams";
				TargetAttributes = {
					2DFF8A6D1C656C81009337FB = {
						CreatedOnToolsVersion = 7.2.1;
					};
				};
			};
			buildConfigurationList = 2DFF8A691C656C81009337FB /* Build configuration list for PBXProject "multiples-ios-game" */;
			compatibilityVersion = "Xcode 3.2";
			developmentRegion = English;
			hasScannedForEncodings = 0;
			knownRegions = (
				en,
				Base,
			);
			mainGroup = 2DFF8A651C656C81009337FB;
			productRefGroup = 2DFF8A6F1C656C81009337FB /* Products */;
			projectDirPath = "";
			projectRoot = "";
			targets = (
				2DFF8A6D1C656C81009337FB /* multiples-ios-game */,
			);
		};
/* End PBXProject section */

/* Begin PBXResourcesBuildPhase section */
		2DFF8A6C1C656C81009337FB /* Resources */ = {
			isa = PBXResourcesBuildPhase;
			buildActionMask = 2147483647;
			files = (
				2DFF8A7C1C656C81009337FB /* LaunchScreen.storyboard in Resources */,
				2DFF8A791C656C81009337FB /* Assets.xcassets in Resources */,
				2DFF8A771C656C81009337FB /* Main.storyboard in Resources */,
			);
			runOnlyForDeploymentPostprocessing = 0;
		};
/* End PBXResourcesBuildPhase section */

/* Begin PBXSourcesBuildPhase section */
		2DFF8A6A1C656C81009337FB /* Sources */ = {
			isa = PBXSourcesBuildPhase;
			buildActionMask = 2147483647;
			files = (
				2DFF8A741C656C81009337FB /* ViewController.swift in Sources */,
				2DFF8A721C656C81009337FB /* AppDelegate.swift in Sources */,
			);
			runOnlyForDeploymentPostprocessing = 0;
		};
/* End PBXSourcesBuildPhase section */

/* Begin PBXVariantGroup section */
		2DFF8A751C656C81009337FB /* Main.storyboard */ = {
			isa = PBXVariantGroup;
			children = (
				2DFF8A761C656C81009337FB /* Base */,
			);
			name = Main.storyboard;
			sourceTree = "<group>";
		};
		2DFF8A7A1C656C81009337FB /* LaunchScreen.storyboard */ = {
			isa = PBXVariantGroup;
			children = (
				2DFF8A7B1C656C81009337FB /* Base */,
			);
			name = LaunchScreen.storyboard;
			sourceTree = "<group>";
		};
/* End PBXVariantGroup section */

/* Begin XCBuildConfiguration section */
		2DFF8A7E1C656C81009337FB /* Debug */ = {
			isa = XCBuildConfiguration;
			buildSettings = {
				ALWAYS_SEARCH_USER_PATHS = NO;
				CLANG_CXX_LANGUAGE_STANDARD = "gnu++0x";
				CLANG_CXX_LIBRARY = "libc++";
				CLANG_ENABLE_MODULES = YES;
				CLANG_ENABLE_OBJC_ARC = YES;
				CLANG_WARN_BOOL_CONVERSION = YES;
				CLANG_WARN_CONSTANT_CONVERSION = YES;
				CLANG_WARN_DIRECT_OBJC_ISA_USAGE = YES_ERROR;
				CLANG_WARN_EMPTY_BODY = YES;
				CLANG_WARN_ENUM_CONVERSION = YES;
				CLANG_WARN_INT_CONVERSION = YES;
				CLANG_WARN_OBJC_ROOT_CLASS = YES_ERROR;
				CLANG_WARN_UNREACHABLE_CODE = YES;
				CLANG_WARN__DUPLICATE_METHOD_MATCH = YES;
				"CODE_SIGN_IDENTITY[sdk=iphoneos*]" = "iPhone Developer";
				COPY_PHASE_STRIP = NO;
				DEBUG_INFORMATION_FORMAT = dwarf;
				ENABLE_STRICT_OBJC_MSGSEND = YES;
				ENABLE_TESTABILITY = YES;
				GCC_C_LANGUAGE_STANDARD = gnu99;
				GCC_DYNAMIC_NO_PIC = NO;
				GCC_NO_COMMON_BLOCKS = YES;
				GCC_OPTIMIZATION_LEVEL = 0;
				GCC_PREPROCESSOR_DEFINITIONS = (
					"DEBUG=1",
					"$(inherited)",
				);
				GCC_WARN_64_TO_32_BIT_CONVERSION = YES;
				GCC_WARN_ABOUT_RETURN_TYPE = YES_ERROR;
				GCC_WARN_UNDECLARED_SELECTOR = YES;
				GCC_WARN_UNINITIALIZED_AUTOS = YES_AGGRESSIVE;
				GCC_WARN_UNUSED_FUNCTION = YES;
				GCC_WARN_UNUSED_VARIABLE = YES;
				IPHONEOS_DEPLOYMENT_TARGET = 9.2;
				MTL_ENABLE_DEBUG_INFO = YES;
				ONLY_ACTIVE_ARCH = YES;
				SDKROOT = iphoneos;
				SWIFT_OPTIMIZATION_LEVEL = "-Onone";
				TARGETED_DEVICE_FAMILY = "1,2";
			};
			name = Debug;
		};
		2DFF8A7F1C656C81009337FB /* Release */ = {
			isa = XCBuildConfiguration;
			buildSettings = {
				ALWAYS_SEARCH_USER_PATHS = NO;
				CLANG_CXX_LANGUAGE_STANDARD = "gnu++0x";
				CLANG_CXX_LIBRARY = "libc++";
				CLANG_ENABLE_MODULES = YES;
				CLANG_ENABLE_OBJC_ARC = YES;
				CLANG_WARN_BOOL_CONVERSION = YES;
				CLANG_WARN_CONSTANT_CONVERSION = YES;
				CLANG_WARN_DIRECT_OBJC_ISA_USAGE = YES_ERROR;
				CLANG_WARN_EMPTY_BODY = YES;
				CLANG_WARN_ENUM_CONVERSION = YES;
				CLANG_WARN_INT_CONVERSION = YES;
				CLANG_WARN_OBJC_ROOT_CLASS = YES_ERROR;
				CLANG_WARN_UNREACHABLE_CODE = YES;
				CLANG_WARN__DUPLICATE_METHOD_MATCH = YES;
				"CODE_SIGN_IDENTITY[sdk=iphoneos*]" = "iPhone Developer";
				COPY_PHASE_STRIP = NO;
				DEBUG_INFORMATION_FORMAT = "dwarf-with-dsym";
				ENABLE_NS_ASSERTIONS = NO;
				ENABLE_STRICT_OBJC_MSGSEND = YES;
				GCC_C_LANGUAGE_STANDARD = gnu99;
				GCC_NO_COMMON_BLOCKS = YES;
				GCC_WARN_64_TO_32_BIT_CONVERSION = YES;
				GCC_WARN_ABOUT_RETURN_TYPE = YES_ERROR;
				GCC_WARN_UNDECLARED_SELECTOR = YES;
				GCC_WARN_UNINITIALIZED_AUTOS = YES_AGGRESSIVE;
				GCC_WARN_UNUSED_FUNCTION = YES;
				GCC_WARN_UNUSED_VARIABLE = YES;
				IPHONEOS_DEPLOYMENT_TARGET = 9.2;
				MTL_ENABLE_DEBUG_INFO = NO;
				SDKROOT = iphoneos;
				TARGETED_DEVICE_FAMILY = "1,2";
				VALIDATE_PRODUCT = YES;
			};
			name = Release;
		};
		2DFF8A811C656C81009337FB /* Debug */ = {
			isa = XCBuildConfiguration;
			buildSettings = {
				ASSETCATALOG_COMPILER_APPICON_NAME = AppIcon;
				INFOPLIST_FILE = "multiples-ios-game/Info.plist";
				LD_RUNPATH_SEARCH_PATHS = "$(inherited) @executable_path/Frameworks";
				PRODUCT_BUNDLE_IDENTIFIER = "com.IshanShams.multiples-ios-game";
				PRODUCT_NAME = "$(TARGET_NAME)";
			};
			name = Debug;
		};
		2DFF8A821C656C81009337FB /* Release */ = {
			isa = XCBuildConfiguration;
			buildSettings = {
				ASSETCATALOG_COMPILER_APPICON_NAME = AppIcon;
				INFOPLIST_FILE = "multiples-ios-game/Info.plist";
				LD_RUNPATH_SEARCH_PATHS = "$(inherited) @executable_path/Frameworks";
				PRODUCT_BUNDLE_IDENTIFIER = "com.IshanShams.multiples-ios-game";
				PRODUCT_NAME = "$(TARGET_NAME)";
			};
			name = Release;
		};
/* End XCBuildConfiguration section */

/* Begin XCConfigurationList section */
		2DFF8A691C656C81009337FB /* Build configuration list for PBXProject "multiples-ios-game" */ = {
			isa = XCConfigurationList;
			buildConfigurations = (
				2DFF8A7E1C656C81009337FB /* Debug */,
				2DFF8A7F1C656C81009337FB /* Release */,
			);
			defaultConfigurationIsVisible = 0;
			defaultConfigurationName = Release;
		};
		2DFF8A801C656C81009337FB /* Build configuration list for PBXNativeTarget "multiples-ios-game" */ = {
			isa = XCConfigurationList;
			buildConfigurations = (
				2DFF8A811C656C81009337FB /* Debug */,
				2DFF8A821C656C81009337FB /* Release */,
			);
			defaultConfigurationIsVisible = 0;
		};
/* End XCConfigurationList section */
	};
	rootObject = 2DFF8A661C656C81009337FB /* Project object */;
}
